// !$*UTF8*$!
{
	archiveVersion = 1;
	classes = {
	};
	objectVersion = 55;
	objects = {

/* Begin PBXBuildFile section */
		340CEE9927D9562F0098DE2A /* AppDelegate.swift in Sources */ = {isa = PBXBuildFile; fileRef = 340CEE9827D9562F0098DE2A /* AppDelegate.swift */; };
		340CEE9B27D9562F0098DE2A /* SceneDelegate.swift in Sources */ = {isa = PBXBuildFile; fileRef = 340CEE9A27D9562F0098DE2A /* SceneDelegate.swift */; };
		340CEEA027D9562F0098DE2A /* Main.storyboard in Resources */ = {isa = PBXBuildFile; fileRef = 340CEE9E27D9562F0098DE2A /* Main.storyboard */; };
		340CEEA227D956300098DE2A /* Assets.xcassets in Resources */ = {isa = PBXBuildFile; fileRef = 340CEEA127D956300098DE2A /* Assets.xcassets */; };
		340CEEA527D956300098DE2A /* LaunchScreen.storyboard in Resources */ = {isa = PBXBuildFile; fileRef = 340CEEA327D956300098DE2A /* LaunchScreen.storyboard */; };
		340CEEB027D956310098DE2A /* ParstagramTests.swift in Sources */ = {isa = PBXBuildFile; fileRef = 340CEEAF27D956310098DE2A /* ParstagramTests.swift */; };
		340CEEBA27D956310098DE2A /* ParstagramUITests.swift in Sources */ = {isa = PBXBuildFile; fileRef = 340CEEB927D956310098DE2A /* ParstagramUITests.swift */; };
		340CEEBC27D956310098DE2A /* ParstagramUITestsLaunchTests.swift in Sources */ = {isa = PBXBuildFile; fileRef = 340CEEBB27D956310098DE2A /* ParstagramUITestsLaunchTests.swift */; };
		3459C59627D96B8000982CB6 /* LoginViewController.swift in Sources */ = {isa = PBXBuildFile; fileRef = 3459C59527D96B8000982CB6 /* LoginViewController.swift */; };
		3459C59827D96BA700982CB6 /* FeedViewController.swift in Sources */ = {isa = PBXBuildFile; fileRef = 3459C59727D96BA700982CB6 /* FeedViewController.swift */; };
		3459C59A27D978F200982CB6 /* CameraViewController.swift in Sources */ = {isa = PBXBuildFile; fileRef = 3459C59927D978F200982CB6 /* CameraViewController.swift */; };
		3459C59C27D9A39900982CB6 /* PostCell.swift in Sources */ = {isa = PBXBuildFile; fileRef = 3459C59B27D9A39900982CB6 /* PostCell.swift */; };
		D697CE429F6B8AADC9C0444A /* Pods_Parstagram.framework in Frameworks */ = {isa = PBXBuildFile; fileRef = 963BF166872E2DDADE8DB1D3 /* Pods_Parstagram.framework */; };
/* End PBXBuildFile section */

/* Begin PBXContainerItemProxy section */
		340CEEAC27D956310098DE2A /* PBXContainerItemProxy */ = {
			isa = PBXContainerItemProxy;
			containerPortal = 340CEE8D27D9562F0098DE2A /* Project object */;
			proxyType = 1;
			remoteGlobalIDString = 340CEE9427D9562F0098DE2A;
			remoteInfo = Parstagram;
		};
		340CEEB627D956310098DE2A /* PBXContainerItemProxy */ = {
			isa = PBXContainerItemProxy;
			containerPortal = 340CEE8D27D9562F0098DE2A /* Project object */;
			proxyType = 1;
			remoteGlobalIDString = 340CEE9427D9562F0098DE2A;
			remoteInfo = Parstagram;
		};
/* End PBXContainerItemProxy section */

/* Begin PBXFileReference section */
		340CEE9527D9562F0098DE2A /* Parstagram.app */ = {isa = PBXFileReference; explicitFileType = wrapper.application; includeInIndex = 0; path = Parstagram.app; sourceTree = BUILT_PRODUCTS_DIR; };
		340CEE9827D9562F0098DE2A /* AppDelegate.swift */ = {isa = PBXFileReference; lastKnownFileType = sourcecode.swift; path = AppDelegate.swift; sourceTree = "<group>"; };
		340CEE9A27D9562F0098DE2A /* SceneDelegate.swift */ = {isa = PBXFileReference; lastKnownFileType = sourcecode.swift; path = SceneDelegate.swift; sourceTree = "<group>"; };
		340CEE9F27D9562F0098DE2A /* Base */ = {isa = PBXFileReference; lastKnownFileType = file.storyboard; name = Base; path = Base.lproj/Main.storyboard; sourceTree = "<group>"; };
		340CEEA127D956300098DE2A /* Assets.xcassets */ = {isa = PBXFileReference; lastKnownFileType = folder.assetcatalog; path = Assets.xcassets; sourceTree = "<group>"; };
		340CEEA427D956300098DE2A /* Base */ = {isa = PBXFileReference; lastKnownFileType = file.storyboard; name = Base; path = Base.lproj/LaunchScreen.storyboard; sourceTree = "<group>"; };
		340CEEA627D956300098DE2A /* Info.plist */ = {isa = PBXFileReference; lastKnownFileType = text.plist.xml; path = Info.plist; sourceTree = "<group>"; };
		340CEEAB27D956310098DE2A /* ParstagramTests.xctest */ = {isa = PBXFileReference; explicitFileType = wrapper.cfbundle; includeInIndex = 0; path = ParstagramTests.xctest; sourceTree = BUILT_PRODUCTS_DIR; };
		340CEEAF27D956310098DE2A /* ParstagramTests.swift */ = {isa = PBXFileReference; lastKnownFileType = sourcecode.swift; path = ParstagramTests.swift; sourceTree = "<group>"; };
		340CEEB527D956310098DE2A /* ParstagramUITests.xctest */ = {isa = PBXFileReference; explicitFileType = wrapper.cfbundle; includeInIndex = 0; path = ParstagramUITests.xctest; sourceTree = BUILT_PRODUCTS_DIR; };
		340CEEB927D956310098DE2A /* ParstagramUITests.swift */ = {isa = PBXFileReference; lastKnownFileType = sourcecode.swift; path = ParstagramUITests.swift; sourceTree = "<group>"; };
		340CEEBB27D956310098DE2A /* ParstagramUITestsLaunchTests.swift */ = {isa = PBXFileReference; lastKnownFileType = sourcecode.swift; path = ParstagramUITestsLaunchTests.swift; sourceTree = "<group>"; };
		3459C59527D96B8000982CB6 /* LoginViewController.swift */ = {isa = PBXFileReference; lastKnownFileType = sourcecode.swift; path = LoginViewController.swift; sourceTree = "<group>"; };
		3459C59727D96BA700982CB6 /* FeedViewController.swift */ = {isa = PBXFileReference; lastKnownFileType = sourcecode.swift; path = FeedViewController.swift; sourceTree = "<group>"; };
		3459C59927D978F200982CB6 /* CameraViewController.swift */ = {isa = PBXFileReference; lastKnownFileType = sourcecode.swift; path = CameraViewController.swift; sourceTree = "<group>"; };
		3459C59B27D9A39900982CB6 /* PostCell.swift */ = {isa = PBXFileReference; lastKnownFileType = sourcecode.swift; path = PostCell.swift; sourceTree = "<group>"; };
		963BF166872E2DDADE8DB1D3 /* Pods_Parstagram.framework */ = {isa = PBXFileReference; explicitFileType = wrapper.framework; includeInIndex = 0; path = Pods_Parstagram.framework; sourceTree = BUILT_PRODUCTS_DIR; };
		B2285308D0A79D6879F7A628 /* Pods-Parstagram.release.xcconfig */ = {isa = PBXFileReference; includeInIndex = 1; lastKnownFileType = text.xcconfig; name = "Pods-Parstagram.release.xcconfig"; path = "Target Support Files/Pods-Parstagram/Pods-Parstagram.release.xcconfig"; sourceTree = "<group>"; };
		DB1D0AD2492BB5FD0A52806E /* Pods-Parstagram.debug.xcconfig */ = {isa = PBXFileReference; includeInIndex = 1; lastKnownFileType = text.xcconfig; name = "Pods-Parstagram.debug.xcconfig"; path = "Target Support Files/Pods-Parstagram/Pods-Parstagram.debug.xcconfig"; sourceTree = "<group>"; };
/* End PBXFileReference section */

/* Begin PBXFrameworksBuildPhase section */
		340CEE9227D9562F0098DE2A /* Frameworks */ = {
			isa = PBXFrameworksBuildPhase;
			buildActionMask = 2147483647;
			files = (
				D697CE429F6B8AADC9C0444A /* Pods_Parstagram.framework in Frameworks */,
			);
			runOnlyForDeploymentPostprocessing = 0;
		};
		340CEEA827D956310098DE2A /* Frameworks */ = {
			isa = PBXFrameworksBuildPhase;
			buildActionMask = 2147483647;
			files = (
			);
			runOnlyForDeploymentPostprocessing = 0;
		};
		340CEEB227D956310098DE2A /* Frameworks */ = {
			isa = PBXFrameworksBuildPhase;
			buildActionMask = 2147483647;
			files = (
			);
			runOnlyForDeploymentPostprocessing = 0;
		};
/* End PBXFrameworksBuildPhase section */

/* Begin PBXGroup section */
		340CEE8C27D9562F0098DE2A = {
			isa = PBXGroup;
			children = (
				340CEE9727D9562F0098DE2A /* Parstagram */,
				340CEEAE27D956310098DE2A /* ParstagramTests */,
				340CEEB827D956310098DE2A /* ParstagramUITests */,
				340CEE9627D9562F0098DE2A /* Products */,
				616B8C55BCFBE3600D12F5BC /* Pods */,
				ECC3F148ED8FE5F4342C8D19 /* Frameworks */,
			);
			sourceTree = "<group>";
		};
		340CEE9627D9562F0098DE2A /* Products */ = {
			isa = PBXGroup;
			children = (
				340CEE9527D9562F0098DE2A /* Parstagram.app */,
				340CEEAB27D956310098DE2A /* ParstagramTests.xctest */,
				340CEEB527D956310098DE2A /* ParstagramUITests.xctest */,
			);
			name = Products;
			sourceTree = "<group>";
		};
		340CEE9727D9562F0098DE2A /* Parstagram */ = {
			isa = PBXGroup;
			children = (
				340CEE9827D9562F0098DE2A /* AppDelegate.swift */,
				340CEE9A27D9562F0098DE2A /* SceneDelegate.swift */,
				340CEE9E27D9562F0098DE2A /* Main.storyboard */,
				340CEEA127D956300098DE2A /* Assets.xcassets */,
				340CEEA327D956300098DE2A /* LaunchScreen.storyboard */,
				340CEEA627D956300098DE2A /* Info.plist */,
				3459C59527D96B8000982CB6 /* LoginViewController.swift */,
				3459C59727D96BA700982CB6 /* FeedViewController.swift */,
				3459C59927D978F200982CB6 /* CameraViewController.swift */,
				3459C59B27D9A39900982CB6 /* PostCell.swift */,
			);
			path = Parstagram;
			sourceTree = "<group>";
		};
		340CEEAE27D956310098DE2A /* ParstagramTests */ = {
			isa = PBXGroup;
			children = (
				340CEEAF27D956310098DE2A /* ParstagramTests.swift */,
			);
			path = ParstagramTests;
			sourceTree = "<group>";
		};
		340CEEB827D956310098DE2A /* ParstagramUITests */ = {
			isa = PBXGroup;
			children = (
				340CEEB927D956310098DE2A /* ParstagramUITests.swift */,
				340CEEBB27D956310098DE2A /* ParstagramUITestsLaunchTests.swift */,
			);
			path = ParstagramUITests;
			sourceTree = "<group>";
		};
		616B8C55BCFBE3600D12F5BC /* Pods */ = {
			isa = PBXGroup;
			children = (
				DB1D0AD2492BB5FD0A52806E /* Pods-Parstagram.debug.xcconfig */,
				B2285308D0A79D6879F7A628 /* Pods-Parstagram.release.xcconfig */,
			);
			path = Pods;
			sourceTree = "<group>";
		};
		ECC3F148ED8FE5F4342C8D19 /* Frameworks */ = {
			isa = PBXGroup;
			children = (
				963BF166872E2DDADE8DB1D3 /* Pods_Parstagram.framework */,
			);
			name = Frameworks;
			sourceTree = "<group>";
		};
/* End PBXGroup section */

/* Begin PBXNativeTarget section */
		340CEE9427D9562F0098DE2A /* Parstagram */ = {
			isa = PBXNativeTarget;
			buildConfigurationList = 340CEEBF27D956310098DE2A /* Build configuration list for PBXNativeTarget "Parstagram" */;
			buildPhases = (
				C6A6A290092E496F35BCCBC6 /* [CP] Check Pods Manifest.lock */,
				340CEE9127D9562F0098DE2A /* Sources */,
				340CEE9227D9562F0098DE2A /* Frameworks */,
				340CEE9327D9562F0098DE2A /* Resources */,
				B4D34F0D398BD4686FC9F2F2 /* [CP] Embed Pods Frameworks */,
			);
			buildRules = (
			);
			dependencies = (
			);
			name = Parstagram;
			productName = Parstagram;
			productReference = 340CEE9527D9562F0098DE2A /* Parstagram.app */;
			productType = "com.apple.product-type.application";
		};
		340CEEAA27D956310098DE2A /* ParstagramTests */ = {
			isa = PBXNativeTarget;
			buildConfigurationList = 340CEEC227D956310098DE2A /* Build configuration list for PBXNativeTarget "ParstagramTests" */;
			buildPhases = (
				340CEEA727D956310098DE2A /* Sources */,
				340CEEA827D956310098DE2A /* Frameworks */,
				340CEEA927D956310098DE2A /* Resources */,
			);
			buildRules = (
			);
			dependencies = (
				340CEEAD27D956310098DE2A /* PBXTargetDependency */,
			);
			name = ParstagramTests;
			productName = ParstagramTests;
			productReference = 340CEEAB27D956310098DE2A /* ParstagramTests.xctest */;
			productType = "com.apple.product-type.bundle.unit-test";
		};
		340CEEB427D956310098DE2A /* ParstagramUITests */ = {
			isa = PBXNativeTarget;
			buildConfigurationList = 340CEEC527D956310098DE2A /* Build configuration list for PBXNativeTarget "ParstagramUITests" */;
			buildPhases = (
				340CEEB127D956310098DE2A /* Sources */,
				340CEEB227D956310098DE2A /* Frameworks */,
				340CEEB327D956310098DE2A /* Resources */,
			);
			buildRules = (
			);
			dependencies = (
				340CEEB727D956310098DE2A /* PBXTargetDependency */,
			);
			name = ParstagramUITests;
			productName = ParstagramUITests;
			productReference = 340CEEB527D956310098DE2A /* ParstagramUITests.xctest */;
			productType = "com.apple.product-type.bundle.ui-testing";
		};
/* End PBXNativeTarget section */

/* Begin PBXProject section */
		340CEE8D27D9562F0098DE2A /* Project object */ = {
			isa = PBXProject;
			attributes = {
				BuildIndependentTargetsInParallel = 1;
				LastSwiftUpdateCheck = 1320;
				LastUpgradeCheck = 1320;
				TargetAttributes = {
					340CEE9427D9562F0098DE2A = {
						CreatedOnToolsVersion = 13.2.1;
					};
					340CEEAA27D956310098DE2A = {
						CreatedOnToolsVersion = 13.2.1;
						TestTargetID = 340CEE9427D9562F0098DE2A;
					};
					340CEEB427D956310098DE2A = {
						CreatedOnToolsVersion = 13.2.1;
						TestTargetID = 340CEE9427D9562F0098DE2A;
					};
				};
			};
			buildConfigurationList = 340CEE9027D9562F0098DE2A /* Build configuration list for PBXProject "Parstagram" */;
			compatibilityVersion = "Xcode 13.0";
			developmentRegion = en;
			hasScannedForEncodings = 0;
			knownRegions = (
				en,
				Base,
			);
			mainGroup = 340CEE8C27D9562F0098DE2A;
			productRefGroup = 340CEE9627D9562F0098DE2A /* Products */;
			projectDirPath = "";
			projectRoot = "";
			targets = (
				340CEE9427D9562F0098DE2A /* Parstagram */,
				340CEEAA27D956310098DE2A /* ParstagramTests */,
				340CEEB427D956310098DE2A /* ParstagramUITests */,
			);
		};
/* End PBXProject section */

/* Begin PBXResourcesBuildPhase section */
		340CEE9327D9562F0098DE2A /* Resources */ = {
			isa = PBXResourcesBuildPhase;
			buildActionMask = 2147483647;
			files = (
				340CEEA527D956300098DE2A /* LaunchScreen.storyboard in Resources */,
				340CEEA227D956300098DE2A /* Assets.xcassets in Resources */,
				340CEEA027D9562F0098DE2A /* Main.storyboard in Resources */,
			);
			runOnlyForDeploymentPostprocessing = 0;
		};
		340CEEA927D956310098DE2A /* Resources */ = {
			isa = PBXResourcesBuildPhase;
			buildActionMask = 2147483647;
			files = (
			);
			runOnlyForDeploymentPostprocessing = 0;
		};
		340CEEB327D956310098DE2A /* Resources */ = {
			isa = PBXResourcesBuildPhase;
			buildActionMask = 2147483647;
			files = (
			);
			runOnlyForDeploymentPostprocessing = 0;
		};
/* End PBXResourcesBuildPhase section */

/* Begin PBXShellScriptBuildPhase section */
		B4D34F0D398BD4686FC9F2F2 /* [CP] Embed Pods Frameworks */ = {
			isa = PBXShellScriptBuildPhase;
			buildActionMask = 2147483647;
			files = (
			);
			inputFileListPaths = (
				"${PODS_ROOT}/Target Support Files/Pods-Parstagram/Pods-Parstagram-frameworks-${CONFIGURATION}-input-files.xcfilelist",
			);
			name = "[CP] Embed Pods Frameworks";
			outputFileListPaths = (
				"${PODS_ROOT}/Target Support Files/Pods-Parstagram/Pods-Parstagram-frameworks-${CONFIGURATION}-output-files.xcfilelist",
			);
			runOnlyForDeploymentPostprocessing = 0;
			shellPath = /bin/sh;
			shellScript = "\"${PODS_ROOT}/Target Support Files/Pods-Parstagram/Pods-Parstagram-frameworks.sh\"\n";
			showEnvVarsInLog = 0;
		};
		C6A6A290092E496F35BCCBC6 /* [CP] Check Pods Manifest.lock */ = {
			isa = PBXShellScriptBuildPhase;
			buildActionMask = 2147483647;
			files = (
			);
			inputFileListPaths = (
			);
			inputPaths = (
				"${PODS_PODFILE_DIR_PATH}/Podfile.lock",
				"${PODS_ROOT}/Manifest.lock",
			);
			name = "[CP] Check Pods Manifest.lock";
			outputFileListPaths = (
			);
			outputPaths = (
				"$(DERIVED_FILE_DIR)/Pods-Parstagram-checkManifestLockResult.txt",
			);
			runOnlyForDeploymentPostprocessing = 0;
			shellPath = /bin/sh;
			shellScript = "diff \"${PODS_PODFILE_DIR_PATH}/Podfile.lock\" \"${PODS_ROOT}/Manifest.lock\" > /dev/null\nif [ $? != 0 ] ; then\n    # print error to STDERR\n    echo \"error: The sandbox is not in sync with the Podfile.lock. Run 'pod install' or update your CocoaPods installation.\" >&2\n    exit 1\nfi\n# This output is used by Xcode 'outputs' to avoid re-running this script phase.\necho \"SUCCESS\" > \"${SCRIPT_OUTPUT_FILE_0}\"\n";
			showEnvVarsInLog = 0;
		};
/* End PBXShellScriptBuildPhase section */

/* Begin PBXSourcesBuildPhase section */
		340CEE9127D9562F0098DE2A /* Sources */ = {
			isa = PBXSourcesBuildPhase;
			buildActionMask = 2147483647;
			files = (
				3459C59627D96B8000982CB6 /* LoginViewController.swift in Sources */,
				3459C59A27D978F200982CB6 /* CameraViewController.swift in Sources */,
				340CEE9927D9562F0098DE2A /* AppDelegate.swift in Sources */,
				3459C59827D96BA700982CB6 /* FeedViewController.swift in Sources */,
				340CEE9B27D9562F0098DE2A /* SceneDelegate.swift in Sources */,
				3459C59C27D9A39900982CB6 /* PostCell.swift in Sources */,
			);
			runOnlyForDeploymentPostprocessing = 0;
		};
		340CEEA727D956310098DE2A /* Sources */ = {
			isa = PBXSourcesBuildPhase;
			buildActionMask = 2147483647;
			files = (
				340CEEB027D956310098DE2A /* ParstagramTests.swift in Sources */,
			);
			runOnlyForDeploymentPostprocessing = 0;
		};
		340CEEB127D956310098DE2A /* Sources */ = {
			isa = PBXSourcesBuildPhase;
			buildActionMask = 2147483647;
			files = (
				340CEEBC27D956310098DE2A /* ParstagramUITestsLaunchTests.swift in Sources */,
				340CEEBA27D956310098DE2A /* ParstagramUITests.swift in Sources */,
			);
			runOnlyForDeploymentPostprocessing = 0;
		};
/* End PBXSourcesBuildPhase section */

/* Begin PBXTargetDependency section */
		340CEEAD27D956310098DE2A /* PBXTargetDependency */ = {
			isa = PBXTargetDependency;
			target = 340CEE9427D9562F0098DE2A /* Parstagram */;
			targetProxy = 340CEEAC27D956310098DE2A /* PBXContainerItemProxy */;
		};
		340CEEB727D956310098DE2A /* PBXTargetDependency */ = {
			isa = PBXTargetDependency;
			target = 340CEE9427D9562F0098DE2A /* Parstagram */;
			targetProxy = 340CEEB627D956310098DE2A /* PBXContainerItemProxy */;
		};
/* End PBXTargetDependency section */

/* Begin PBXVariantGroup section */
		340CEE9E27D9562F0098DE2A /* Main.storyboard */ = {
			isa = PBXVariantGroup;
			children = (
				340CEE9F27D9562F0098DE2A /* Base */,
			);
			name = Main.storyboard;
			sourceTree = "<group>";
		};
		340CEEA327D956300098DE2A /* LaunchScreen.storyboard */ = {
			isa = PBXVariantGroup;
			children = (
				340CEEA427D956300098DE2A /* Base */,
			);
			name = LaunchScreen.storyboard;
			sourceTree = "<group>";
		};
/* End PBXVariantGroup section */

/* Begin XCBuildConfiguration section */
		340CEEBD27D956310098DE2A /* Debug */ = {
			isa = XCBuildConfiguration;
			buildSettings = {
				ALWAYS_SEARCH_USER_PATHS = NO;
				CLANG_ANALYZER_NONNULL = YES;
				CLANG_ANALYZER_NUMBER_OBJECT_CONVERSION = YES_AGGRESSIVE;
				CLANG_CXX_LANGUAGE_STANDARD = "gnu++17";
				CLANG_CXX_LIBRARY = "libc++";
				CLANG_ENABLE_MODULES = YES;
				CLANG_ENABLE_OBJC_ARC = YES;
				CLANG_ENABLE_OBJC_WEAK = YES;
				CLANG_WARN_BLOCK_CAPTURE_AUTORELEASING = YES;
				CLANG_WARN_BOOL_CONVERSION = YES;
				CLANG_WARN_COMMA = YES;
				CLANG_WARN_CONSTANT_CONVERSION = YES;
				CLANG_WARN_DEPRECATED_OBJC_IMPLEMENTATIONS = YES;
				CLANG_WARN_DIRECT_OBJC_ISA_USAGE = YES_ERROR;
				CLANG_WARN_DOCUMENTATION_COMMENTS = YES;
				CLANG_WARN_EMPTY_BODY = YES;
				CLANG_WARN_ENUM_CONVERSION = YES;
				CLANG_WARN_INFINITE_RECURSION = YES;
				CLANG_WARN_INT_CONVERSION = YES;
				CLANG_WARN_NON_LITERAL_NULL_CONVERSION = YES;
				CLANG_WARN_OBJC_IMPLICIT_RETAIN_SELF = YES;
				CLANG_WARN_OBJC_LITERAL_CONVERSION = YES;
				CLANG_WARN_OBJC_ROOT_CLASS = YES_ERROR;
				CLANG_WARN_QUOTED_INCLUDE_IN_FRAMEWORK_HEADER = YES;
				CLANG_WARN_RANGE_LOOP_ANALYSIS = YES;
				CLANG_WARN_STRICT_PROTOTYPES = YES;
				CLANG_WARN_SUSPICIOUS_MOVE = YES;
				CLANG_WARN_UNGUARDED_AVAILABILITY = YES_AGGRESSIVE;
				CLANG_WARN_UNREACHABLE_CODE = YES;
				CLANG_WARN__DUPLICATE_METHOD_MATCH = YES;
				COPY_PHASE_STRIP = NO;
				DEBUG_INFORMATION_FORMAT = dwarf;
				ENABLE_STRICT_OBJC_MSGSEND = YES;
				ENABLE_TESTABILITY = YES;
				GCC_C_LANGUAGE_STANDARD = gnu11;
				GCC_DYNAMIC_NO_PIC = NO;
				GCC_NO_COMMON_BLOCKS = YES;
				GCC_OPTIMIZATION_LEVEL = 0;
				GCC_PREPROCESSOR_DEFINITIONS = (
					"DEBUG=1",
					"$(inherited)",
				);
				GCC_WARN_64_TO_32_BIT_CONVERSION = YES;
				GCC_WARN_ABOUT_RETURN_TYPE = YES_ERROR;
				GCC_WARN_UNDECLARED_SELECTOR = YES;
				GCC_WARN_UNINITIALIZED_AUTOS = YES_AGGRESSIVE;
				GCC_WARN_UNUSED_FUNCTION = YES;
				GCC_WARN_UNUSED_VARIABLE = YES;
				IPHONEOS_DEPLOYMENT_TARGET = 15.2;
				MTL_ENABLE_DEBUG_INFO = INCLUDE_SOURCE;
				MTL_FAST_MATH = YES;
				ONLY_ACTIVE_ARCH = YES;
				SDKROOT = iphoneos;
				SWIFT_ACTIVE_COMPILATION_CONDITIONS = DEBUG;
				SWIFT_OPTIMIZATION_LEVEL = "-Onone";
			};
			name = Debug;
		};
		340CEEBE27D956310098DE2A /* Release */ = {
			isa = XCBuildConfiguration;
			buildSettings = {
				ALWAYS_SEARCH_USER_PATHS = NO;
				CLANG_ANALYZER_NONNULL = YES;
				CLANG_ANALYZER_NUMBER_OBJECT_CONVERSION = YES_AGGRESSIVE;
				CLANG_CXX_LANGUAGE_STANDARD = "gnu++17";
				CLANG_CXX_LIBRARY = "libc++";
				CLANG_ENABLE_MODULES = YES;
				CLANG_ENABLE_OBJC_ARC = YES;
				CLANG_ENABLE_OBJC_WEAK = YES;
				CLANG_WARN_BLOCK_CAPTURE_AUTORELEASING = YES;
				CLANG_WARN_BOOL_CONVERSION = YES;
				CLANG_WARN_COMMA = YES;
				CLANG_WARN_CONSTANT_CONVERSION = YES;
				CLANG_WARN_DEPRECATED_OBJC_IMPLEMENTATIONS = YES;
				CLANG_WARN_DIRECT_OBJC_ISA_USAGE = YES_ERROR;
				CLANG_WARN_DOCUMENTATION_COMMENTS = YES;
				CLANG_WARN_EMPTY_BODY = YES;
				CLANG_WARN_ENUM_CONVERSION = YES;
				CLANG_WARN_INFINITE_RECURSION = YES;
				CLANG_WARN_INT_CONVERSION = YES;
				CLANG_WARN_NON_LITERAL_NULL_CONVERSION = YES;
				CLANG_WARN_OBJC_IMPLICIT_RETAIN_SELF = YES;
				CLANG_WARN_OBJC_LITERAL_CONVERSION = YES;
				CLANG_WARN_OBJC_ROOT_CLASS = YES_ERROR;
				CLANG_WARN_QUOTED_INCLUDE_IN_FRAMEWORK_HEADER = YES;
				CLANG_WARN_RANGE_LOOP_ANALYSIS = YES;
				CLANG_WARN_STRICT_PROTOTYPES = YES;
				CLANG_WARN_SUSPICIOUS_MOVE = YES;
				CLANG_WARN_UNGUARDED_AVAILABILITY = YES_AGGRESSIVE;
				CLANG_WARN_UNREACHABLE_CODE = YES;
				CLANG_WARN__DUPLICATE_METHOD_MATCH = YES;
				COPY_PHASE_STRIP = NO;
				DEBUG_INFORMATION_FORMAT = "dwarf-with-dsym";
				ENABLE_NS_ASSERTIONS = NO;
				ENABLE_STRICT_OBJC_MSGSEND = YES;
				GCC_C_LANGUAGE_STANDARD = gnu11;
				GCC_NO_COMMON_BLOCKS = YES;
				GCC_WARN_64_TO_32_BIT_CONVERSION = YES;
				GCC_WARN_ABOUT_RETURN_TYPE = YES_ERROR;
				GCC_WARN_UNDECLARED_SELECTOR = YES;
				GCC_WARN_UNINITIALIZED_AUTOS = YES_AGGRESSIVE;
				GCC_WARN_UNUSED_FUNCTION = YES;
				GCC_WARN_UNUSED_VARIABLE = YES;
				IPHONEOS_DEPLOYMENT_TARGET = 15.2;
				MTL_ENABLE_DEBUG_INFO = NO;
				MTL_FAST_MATH = YES;
				SDKROOT = iphoneos;
				SWIFT_COMPILATION_MODE = wholemodule;
				SWIFT_OPTIMIZATION_LEVEL = "-O";
				VALIDATE_PRODUCT = YES;
			};
			name = Release;
		};
		340CEEC027D956310098DE2A /* Debug */ = {
			isa = XCBuildConfiguration;
			baseConfigurationReference = DB1D0AD2492BB5FD0A52806E /* Pods-Parstagram.debug.xcconfig */;
			buildSettings = {
				ASSETCATALOG_COMPILER_APPICON_NAME = AppIcon;
				ASSETCATALOG_COMPILER_GLOBAL_ACCENT_COLOR_NAME = AccentColor;
				CODE_SIGN_STYLE = Automatic;
				CURRENT_PROJECT_VERSION = 1;
				DEVELOPMENT_TEAM = L33J4YU2V8;
				GENERATE_INFOPLIST_FILE = YES;
				INFOPLIST_FILE = Parstagram/Info.plist;
				INFOPLIST_KEY_UIApplicationSupportsIndirectInputEvents = YES;
				INFOPLIST_KEY_UILaunchStoryboardName = LaunchScreen;
				INFOPLIST_KEY_UIMainStoryboardFile = Main;
				INFOPLIST_KEY_UISupportedInterfaceOrientations_iPad = "UIInterfaceOrientationPortrait UIInterfaceOrientationPortraitUpsideDown UIInterfaceOrientationLandscapeLeft UIInterfaceOrientationLandscapeRight";
				INFOPLIST_KEY_UISupportedInterfaceOrientations_iPhone = "UIInterfaceOrientationPortrait UIInterfaceOrientationLandscapeLeft UIInterfaceOrientationLandscapeRight";
				LD_RUNPATH_SEARCH_PATHS = (
					"$(inherited)",
					"@executable_path/Frameworks",
				);
				MARKETING_VERSION = 1.0;
				PRODUCT_BUNDLE_IDENTIFIER = luisbravo.Parstagram;
				PRODUCT_NAME = "$(TARGET_NAME)";
				SWIFT_EMIT_LOC_STRINGS = YES;
				SWIFT_VERSION = 5.0;
				TARGETED_DEVICE_FAMILY = "1,2";
			};
			name = Debug;
		};
		340CEEC127D956310098DE2A /* Release */ = {
			isa = XCBuildConfiguration;
			baseConfigurationReference = B2285308D0A79D6879F7A628 /* Pods-Parstagram.release.xcconfig */;
			buildSettings = {
				ASSETCATALOG_COMPILER_APPICON_NAME = AppIcon;
				ASSETCATALOG_COMPILER_GLOBAL_ACCENT_COLOR_NAME = AccentColor;
				CODE_SIGN_STYLE = Automatic;
				CURRENT_PROJECT_VERSION = 1;
				DEVELOPMENT_TEAM = L33J4YU2V8;
				GENERATE_INFOPLIST_FILE = YES;
				INFOPLIST_FILE = Parstagram/Info.plist;
				INFOPLIST_KEY_UIApplicationSupportsIndirectInputEvents = YES;
				INFOPLIST_KEY_UILaunchStoryboardName = LaunchScreen;
				INFOPLIST_KEY_UIMainStoryboardFile = Main;
				INFOPLIST_KEY_UISupportedInterfaceOrientations_iPad = "UIInterfaceOrientationPortrait UIInterfaceOrientationPortraitUpsideDown UIInterfaceOrientationLandscapeLeft UIInterfaceOrientationLandscapeRight";
				INFOPLIST_KEY_UISupportedInterfaceOrientations_iPhone = "UIInterfaceOrientationPortrait UIInterfaceOrientationLandscapeLeft UIInterfaceOrientationLandscapeRight";
				LD_RUNPATH_SEARCH_PATHS = (
					"$(inherited)",
					"@executable_path/Frameworks",
				);
				MARKETING_VERSION = 1.0;
				PRODUCT_BUNDLE_IDENTIFIER = luisbravo.Parstagram;
				PRODUCT_NAME = "$(TARGET_NAME)";
				SWIFT_EMIT_LOC_STRINGS = YES;
				SWIFT_VERSION = 5.0;
				TARGETED_DEVICE_FAMILY = "1,2";
			};
			name = Release;
		};
		340CEEC327D956310098DE2A /* Debug */ = {
			isa = XCBuildConfiguration;
			buildSettings = {
				ALWAYS_EMBED_SWIFT_STANDARD_LIBRARIES = YES;
				BUNDLE_LOADER = "$(TEST_HOST)";
				CODE_SIGN_STYLE = Automatic;
				CURRENT_PROJECT_VERSION = 1;
				DEVELOPMENT_TEAM = L33J4YU2V8;
				GENERATE_INFOPLIST_FILE = YES;
				IPHONEOS_DEPLOYMENT_TARGET = 15.2;
				MARKETING_VERSION = 1.0;
				PRODUCT_BUNDLE_IDENTIFIER = luisbravo.ParstagramTests;
				PRODUCT_NAME = "$(TARGET_NAME)";
				SWIFT_EMIT_LOC_STRINGS = NO;
				SWIFT_VERSION = 5.0;
				TARGETED_DEVICE_FAMILY = "1,2";
				TEST_HOST = "$(BUILT_PRODUCTS_DIR)/Parstagram.app/Parstagram";
			};
			name = Debug;
		};
		340CEEC427D956310098DE2A /* Release */ = {
			isa = XCBuildConfiguration;
			buildSettings = {
				ALWAYS_EMBED_SWIFT_STANDARD_LIBRARIES = YES;
				BUNDLE_LOADER = "$(TEST_HOST)";
				CODE_SIGN_STYLE = Automatic;
				CURRENT_PROJECT_VERSION = 1;
				DEVELOPMENT_TEAM = L33J4YU2V8;
				GENERATE_INFOPLIST_FILE = YES;
				IPHONEOS_DEPLOYMENT_TARGET = 15.2;
				MARKETING_VERSION = 1.0;
				PRODUCT_BUNDLE_IDENTIFIER = luisbravo.ParstagramTests;
				PRODUCT_NAME = "$(TARGET_NAME)";
				SWIFT_EMIT_LOC_STRINGS = NO;
				SWIFT_VERSION = 5.0;
				TARGETED_DEVICE_FAMILY = "1,2";
				TEST_HOST = "$(BUILT_PRODUCTS_DIR)/Parstagram.app/Parstagram";
			};
			name = Release;
		};
		340CEEC627D956310098DE2A /* Debug */ = {
			isa = XCBuildConfiguration;
			buildSettings = {
				ALWAYS_EMBED_SWIFT_STANDARD_LIBRARIES = YES;
				CODE_SIGN_STYLE = Automatic;
				CURRENT_PROJECT_VERSION = 1;
				DEVELOPMENT_TEAM = L33J4YU2V8;
				GENERATE_INFOPLIST_FILE = YES;
				MARKETING_VERSION = 1.0;
				PRODUCT_BUNDLE_IDENTIFIER = luisbravo.ParstagramUITests;
				PRODUCT_NAME = "$(TARGET_NAME)";
				SWIFT_EMIT_LOC_STRINGS = NO;
				SWIFT_VERSION = 5.0;
				TARGETED_DEVICE_FAMILY = "1,2";
				TEST_TARGET_NAME = Parstagram;
			};
			name = Debug;
		};
		340CEEC727D956310098DE2A /* Release */ = {
			isa = XCBuildConfiguration;
			buildSettings = {
				ALWAYS_EMBED_SWIFT_STANDARD_LIBRARIES = YES;
				CODE_SIGN_STYLE = Automatic;
				CURRENT_PROJECT_VERSION = 1;
				DEVELOPMENT_TEAM = L33J4YU2V8;
				GENERATE_INFOPLIST_FILE = YES;
				MARKETING_VERSION = 1.0;
				PRODUCT_BUNDLE_IDENTIFIER = luisbravo.ParstagramUITests;
				PRODUCT_NAME = "$(TARGET_NAME)";
				SWIFT_EMIT_LOC_STRINGS = NO;
				SWIFT_VERSION = 5.0;
				TARGETED_DEVICE_FAMILY = "1,2";
				TEST_TARGET_NAME = Parstagram;
			};
			name = Release;
		};
/* End XCBuildConfiguration section */

/* Begin XCConfigurationList section */
		340CEE9027D9562F0098DE2A /* Build configuration list for PBXProject "Parstagram" */ = {
			isa = XCConfigurationList;
			buildConfigurations = (
				340CEEBD27D956310098DE2A /* Debug */,
				340CEEBE27D956310098DE2A /* Release */,
			);
			defaultConfigurationIsVisible = 0;
			defaultConfigurationName = Release;
		};
		340CEEBF27D956310098DE2A /* Build configuration list for PBXNativeTarget "Parstagram" */ = {
			isa = XCConfigurationList;
			buildConfigurations = (
				340CEEC027D956310098DE2A /* Debug */,
				340CEEC127D956310098DE2A /* Release */,
			);
			defaultConfigurationIsVisible = 0;
			defaultConfigurationName = Release;
		};
		340CEEC227D956310098DE2A /* Build configuration list for PBXNativeTarget "ParstagramTests" */ = {
			isa = XCConfigurationList;
			buildConfigurations = (
				340CEEC327D956310098DE2A /* Debug */,
				340CEEC427D956310098DE2A /* Release */,
			);
			defaultConfigurationIsVisible = 0;
			defaultConfigurationName = Release;
		};
		340CEEC527D956310098DE2A /* Build configuration list for PBXNativeTarget "ParstagramUITests" */ = {
			isa = XCConfigurationList;
			buildConfigurations = (
				340CEEC627D956310098DE2A /* Debug */,
				340CEEC727D956310098DE2A /* Release */,
			);
			defaultConfigurationIsVisible = 0;
			defaultConfigurationName = Release;
		};
/* End XCConfigurationList section */
	};
	rootObject = 340CEE8D27D9562F0098DE2A /* Project object */;
}
