// !$*UTF8*$!
{
	archiveVersion = 1;
	classes = {
	};
	objectVersion = 55;
	objects = {

/* Begin PBXBuildFile section */
		03FCAF28C7ECB20E0FB7427C /* Pods_flix.framework in Frameworks */ = {isa = PBXBuildFile; fileRef = FD64FC8B156EE472BA6AB494 /* Pods_flix.framework */; };
		079378A6F9C873ADD540436F /* Pods_flixTests.framework in Frameworks */ = {isa = PBXBuildFile; fileRef = 7A05D03A086F132319C0163E /* Pods_flixTests.framework */; };
		22AD3B89D9A4347797164D46 /* Pods_flix_flixUITests.framework in Frameworks */ = {isa = PBXBuildFile; fileRef = E791DC2CA4EF1438FF389D98 /* Pods_flix_flixUITests.framework */; };
		496AD95827B20257005FE48D /* AppDelegate.swift in Sources */ = {isa = PBXBuildFile; fileRef = 496AD95727B20257005FE48D /* AppDelegate.swift */; };
		496AD95A27B20257005FE48D /* SceneDelegate.swift in Sources */ = {isa = PBXBuildFile; fileRef = 496AD95927B20257005FE48D /* SceneDelegate.swift */; };
		496AD95C27B20257005FE48D /* ViewController.swift in Sources */ = {isa = PBXBuildFile; fileRef = 496AD95B27B20257005FE48D /* ViewController.swift */; };
		496AD95F27B20257005FE48D /* Main.storyboard in Resources */ = {isa = PBXBuildFile; fileRef = 496AD95D27B20257005FE48D /* Main.storyboard */; };
		496AD96127B2025B005FE48D /* Assets.xcassets in Resources */ = {isa = PBXBuildFile; fileRef = 496AD96027B2025B005FE48D /* Assets.xcassets */; };
		496AD96427B2025B005FE48D /* LaunchScreen.storyboard in Resources */ = {isa = PBXBuildFile; fileRef = 496AD96227B2025B005FE48D /* LaunchScreen.storyboard */; };
		496AD96F27B2025C005FE48D /* flixTests.swift in Sources */ = {isa = PBXBuildFile; fileRef = 496AD96E27B2025C005FE48D /* flixTests.swift */; };
		496AD97927B2025C005FE48D /* flixUITests.swift in Sources */ = {isa = PBXBuildFile; fileRef = 496AD97827B2025C005FE48D /* flixUITests.swift */; };
		496AD97B27B2025C005FE48D /* flixUITestsLaunchTests.swift in Sources */ = {isa = PBXBuildFile; fileRef = 496AD97A27B2025C005FE48D /* flixUITestsLaunchTests.swift */; };
		496AD98827B263EA005FE48D /* MovieCellTableViewCell.swift in Sources */ = {isa = PBXBuildFile; fileRef = 496AD98727B263EA005FE48D /* MovieCellTableViewCell.swift */; };
		496AD98B27B26CE6005FE48D /* AlamofireImage in Frameworks */ = {isa = PBXBuildFile; productRef = 496AD98A27B26CE6005FE48D /* AlamofireImage */; };
		496AD98E27C0CE80005FE48D /* MovieGridViewController.swift in Sources */ = {isa = PBXBuildFile; fileRef = 496AD98D27C0CE80005FE48D /* MovieGridViewController.swift */; };
		496AD99227C0D345005FE48D /* MovieGridCell.swift in Sources */ = {isa = PBXBuildFile; fileRef = 496AD99127C0D345005FE48D /* MovieGridCell.swift */; };
		49F7E51327C0893600461E44 /* MovieDetailsViewController.swift in Sources */ = {isa = PBXBuildFile; fileRef = 49F7E51227C0893600461E44 /* MovieDetailsViewController.swift */; };
/* End PBXBuildFile section */

/* Begin PBXContainerItemProxy section */
		496AD96B27B2025C005FE48D /* PBXContainerItemProxy */ = {
			isa = PBXContainerItemProxy;
			containerPortal = 496AD94C27B20257005FE48D /* Project object */;
			proxyType = 1;
			remoteGlobalIDString = 496AD95327B20257005FE48D;
			remoteInfo = flix;
		};
		496AD97527B2025C005FE48D /* PBXContainerItemProxy */ = {
			isa = PBXContainerItemProxy;
			containerPortal = 496AD94C27B20257005FE48D /* Project object */;
			proxyType = 1;
			remoteGlobalIDString = 496AD95327B20257005FE48D;
			remoteInfo = flix;
		};
/* End PBXContainerItemProxy section */

/* Begin PBXFileReference section */
		3BB5EC1C9026EFFB70AE6832 /* Pods-flixTests.release.xcconfig */ = {isa = PBXFileReference; includeInIndex = 1; lastKnownFileType = text.xcconfig; name = "Pods-flixTests.release.xcconfig"; path = "Target Support Files/Pods-flixTests/Pods-flixTests.release.xcconfig"; sourceTree = "<group>"; };
		496AD95427B20257005FE48D /* flix.app */ = {isa = PBXFileReference; explicitFileType = wrapper.application; includeInIndex = 0; path = flix.app; sourceTree = BUILT_PRODUCTS_DIR; };
		496AD95727B20257005FE48D /* AppDelegate.swift */ = {isa = PBXFileReference; lastKnownFileType = sourcecode.swift; path = AppDelegate.swift; sourceTree = "<group>"; };
		496AD95927B20257005FE48D /* SceneDelegate.swift */ = {isa = PBXFileReference; lastKnownFileType = sourcecode.swift; path = SceneDelegate.swift; sourceTree = "<group>"; };
		496AD95B27B20257005FE48D /* ViewController.swift */ = {isa = PBXFileReference; lastKnownFileType = sourcecode.swift; path = ViewController.swift; sourceTree = "<group>"; };
		496AD95E27B20257005FE48D /* Base */ = {isa = PBXFileReference; lastKnownFileType = file.storyboard; name = Base; path = Base.lproj/Main.storyboard; sourceTree = "<group>"; };
		496AD96027B2025B005FE48D /* Assets.xcassets */ = {isa = PBXFileReference; lastKnownFileType = folder.assetcatalog; path = Assets.xcassets; sourceTree = "<group>"; };
		496AD96327B2025B005FE48D /* Base */ = {isa = PBXFileReference; lastKnownFileType = file.storyboard; name = Base; path = Base.lproj/LaunchScreen.storyboard; sourceTree = "<group>"; };
		496AD96527B2025B005FE48D /* Info.plist */ = {isa = PBXFileReference; lastKnownFileType = text.plist.xml; path = Info.plist; sourceTree = "<group>"; };
		496AD96A27B2025C005FE48D /* flixTests.xctest */ = {isa = PBXFileReference; explicitFileType = wrapper.cfbundle; includeInIndex = 0; path = flixTests.xctest; sourceTree = BUILT_PRODUCTS_DIR; };
		496AD96E27B2025C005FE48D /* flixTests.swift */ = {isa = PBXFileReference; lastKnownFileType = sourcecode.swift; path = flixTests.swift; sourceTree = "<group>"; };
		496AD97427B2025C005FE48D /* flixUITests.xctest */ = {isa = PBXFileReference; explicitFileType = wrapper.cfbundle; includeInIndex = 0; path = flixUITests.xctest; sourceTree = BUILT_PRODUCTS_DIR; };
		496AD97827B2025C005FE48D /* flixUITests.swift */ = {isa = PBXFileReference; lastKnownFileType = sourcecode.swift; path = flixUITests.swift; sourceTree = "<group>"; };
		496AD97A27B2025C005FE48D /* flixUITestsLaunchTests.swift */ = {isa = PBXFileReference; lastKnownFileType = sourcecode.swift; path = flixUITestsLaunchTests.swift; sourceTree = "<group>"; };
		496AD98727B263EA005FE48D /* MovieCellTableViewCell.swift */ = {isa = PBXFileReference; lastKnownFileType = sourcecode.swift; path = MovieCellTableViewCell.swift; sourceTree = "<group>"; };
		496AD98D27C0CE80005FE48D /* MovieGridViewController.swift */ = {isa = PBXFileReference; lastKnownFileType = sourcecode.swift; path = MovieGridViewController.swift; sourceTree = "<group>"; };
		496AD99127C0D345005FE48D /* MovieGridCell.swift */ = {isa = PBXFileReference; lastKnownFileType = sourcecode.swift; path = MovieGridCell.swift; sourceTree = "<group>"; };
		49F7E51227C0893600461E44 /* MovieDetailsViewController.swift */ = {isa = PBXFileReference; lastKnownFileType = sourcecode.swift; name = MovieDetailsViewController.swift; path = "/Users/bravo/Desktop/CodePath-iOS/Flix/flix/flix/MovieDetailsViewController.swift"; sourceTree = "<absolute>"; };
		778EC5AF104D01041157C495 /* Pods-flix-flixUITests.debug.xcconfig */ = {isa = PBXFileReference; includeInIndex = 1; lastKnownFileType = text.xcconfig; name = "Pods-flix-flixUITests.debug.xcconfig"; path = "Target Support Files/Pods-flix-flixUITests/Pods-flix-flixUITests.debug.xcconfig"; sourceTree = "<group>"; };
		7A05D03A086F132319C0163E /* Pods_flixTests.framework */ = {isa = PBXFileReference; explicitFileType = wrapper.framework; includeInIndex = 0; path = Pods_flixTests.framework; sourceTree = BUILT_PRODUCTS_DIR; };
		7EFB5548DAAD80EBA9B9EC46 /* Pods-flix.release.xcconfig */ = {isa = PBXFileReference; includeInIndex = 1; lastKnownFileType = text.xcconfig; name = "Pods-flix.release.xcconfig"; path = "Target Support Files/Pods-flix/Pods-flix.release.xcconfig"; sourceTree = "<group>"; };
		CE6FE3E87E1A214353EAF4FC /* Pods-flix.debug.xcconfig */ = {isa = PBXFileReference; includeInIndex = 1; lastKnownFileType = text.xcconfig; name = "Pods-flix.debug.xcconfig"; path = "Target Support Files/Pods-flix/Pods-flix.debug.xcconfig"; sourceTree = "<group>"; };
		D5BF6EEECAE5AB255ADE0EDB /* Pods-flixTests.debug.xcconfig */ = {isa = PBXFileReference; includeInIndex = 1; lastKnownFileType = text.xcconfig; name = "Pods-flixTests.debug.xcconfig"; path = "Target Support Files/Pods-flixTests/Pods-flixTests.debug.xcconfig"; sourceTree = "<group>"; };
		E791DC2CA4EF1438FF389D98 /* Pods_flix_flixUITests.framework */ = {isa = PBXFileReference; explicitFileType = wrapper.framework; includeInIndex = 0; path = Pods_flix_flixUITests.framework; sourceTree = BUILT_PRODUCTS_DIR; };
		F54FDD8A6429C3F8E37533A5 /* Pods-flix-flixUITests.release.xcconfig */ = {isa = PBXFileReference; includeInIndex = 1; lastKnownFileType = text.xcconfig; name = "Pods-flix-flixUITests.release.xcconfig"; path = "Target Support Files/Pods-flix-flixUITests/Pods-flix-flixUITests.release.xcconfig"; sourceTree = "<group>"; };
		FD64FC8B156EE472BA6AB494 /* Pods_flix.framework */ = {isa = PBXFileReference; explicitFileType = wrapper.framework; includeInIndex = 0; path = Pods_flix.framework; sourceTree = BUILT_PRODUCTS_DIR; };
/* End PBXFileReference section */

/* Begin PBXFrameworksBuildPhase section */
		496AD95127B20257005FE48D /* Frameworks */ = {
			isa = PBXFrameworksBuildPhase;
			buildActionMask = 2147483647;
			files = (
				496AD98B27B26CE6005FE48D /* AlamofireImage in Frameworks */,
				03FCAF28C7ECB20E0FB7427C /* Pods_flix.framework in Frameworks */,
			);
			runOnlyForDeploymentPostprocessing = 0;
		};
		496AD96727B2025C005FE48D /* Frameworks */ = {
			isa = PBXFrameworksBuildPhase;
			buildActionMask = 2147483647;
			files = (
				079378A6F9C873ADD540436F /* Pods_flixTests.framework in Frameworks */,
			);
			runOnlyForDeploymentPostprocessing = 0;
		};
		496AD97127B2025C005FE48D /* Frameworks */ = {
			isa = PBXFrameworksBuildPhase;
			buildActionMask = 2147483647;
			files = (
				22AD3B89D9A4347797164D46 /* Pods_flix_flixUITests.framework in Frameworks */,
			);
			runOnlyForDeploymentPostprocessing = 0;
		};
/* End PBXFrameworksBuildPhase section */

/* Begin PBXGroup section */
		496AD94B27B20257005FE48D = {
			isa = PBXGroup;
			children = (
				496AD95627B20257005FE48D /* flix */,
				496AD96D27B2025C005FE48D /* flixTests */,
				496AD97727B2025C005FE48D /* flixUITests */,
				496AD95527B20257005FE48D /* Products */,
				E8718FB876D108875ABBE56F /* Pods */,
				B29DE34E270C715302DF79E7 /* Frameworks */,
			);
			sourceTree = "<group>";
		};
		496AD95527B20257005FE48D /* Products */ = {
			isa = PBXGroup;
			children = (
				496AD95427B20257005FE48D /* flix.app */,
				496AD96A27B2025C005FE48D /* flixTests.xctest */,
				496AD97427B2025C005FE48D /* flixUITests.xctest */,
			);
			name = Products;
			sourceTree = "<group>";
		};
		496AD95627B20257005FE48D /* flix */ = {
			isa = PBXGroup;
			children = (
				496AD95727B20257005FE48D /* AppDelegate.swift */,
				496AD95927B20257005FE48D /* SceneDelegate.swift */,
				496AD95B27B20257005FE48D /* ViewController.swift */,
				496AD98727B263EA005FE48D /* MovieCellTableViewCell.swift */,
				496AD95D27B20257005FE48D /* Main.storyboard */,
				496AD99127C0D345005FE48D /* MovieGridCell.swift */,
				496AD96027B2025B005FE48D /* Assets.xcassets */,
				496AD96227B2025B005FE48D /* LaunchScreen.storyboard */,
				496AD96527B2025B005FE48D /* Info.plist */,
				496AD98D27C0CE80005FE48D /* MovieGridViewController.swift */,
				49F7E51227C0893600461E44 /* MovieDetailsViewController.swift */,
			);
			path = flix;
			sourceTree = "<group>";
		};
		496AD96D27B2025C005FE48D /* flixTests */ = {
			isa = PBXGroup;
			children = (
				496AD96E27B2025C005FE48D /* flixTests.swift */,
			);
			path = flixTests;
			sourceTree = "<group>";
		};
		496AD97727B2025C005FE48D /* flixUITests */ = {
			isa = PBXGroup;
			children = (
				496AD97827B2025C005FE48D /* flixUITests.swift */,
				496AD97A27B2025C005FE48D /* flixUITestsLaunchTests.swift */,
			);
			path = flixUITests;
			sourceTree = "<group>";
		};
		B29DE34E270C715302DF79E7 /* Frameworks */ = {
			isa = PBXGroup;
			children = (
				FD64FC8B156EE472BA6AB494 /* Pods_flix.framework */,
				E791DC2CA4EF1438FF389D98 /* Pods_flix_flixUITests.framework */,
				7A05D03A086F132319C0163E /* Pods_flixTests.framework */,
			);
			name = Frameworks;
			sourceTree = "<group>";
		};
		E8718FB876D108875ABBE56F /* Pods */ = {
			isa = PBXGroup;
			children = (
				CE6FE3E87E1A214353EAF4FC /* Pods-flix.debug.xcconfig */,
				7EFB5548DAAD80EBA9B9EC46 /* Pods-flix.release.xcconfig */,
				778EC5AF104D01041157C495 /* Pods-flix-flixUITests.debug.xcconfig */,
				F54FDD8A6429C3F8E37533A5 /* Pods-flix-flixUITests.release.xcconfig */,
				D5BF6EEECAE5AB255ADE0EDB /* Pods-flixTests.debug.xcconfig */,
				3BB5EC1C9026EFFB70AE6832 /* Pods-flixTests.release.xcconfig */,
			);
			path = Pods;
			sourceTree = "<group>";
		};
/* End PBXGroup section */

/* Begin PBXNativeTarget section */
		496AD95327B20257005FE48D /* flix */ = {
			isa = PBXNativeTarget;
			buildConfigurationList = 496AD97E27B2025C005FE48D /* Build configuration list for PBXNativeTarget "flix" */;
			buildPhases = (
				67A22B2EF923D56E158FD33E /* [CP] Check Pods Manifest.lock */,
				496AD95027B20257005FE48D /* Sources */,
				496AD95127B20257005FE48D /* Frameworks */,
				496AD95227B20257005FE48D /* Resources */,
				450227E15F2040C31437DF7A /* [CP] Embed Pods Frameworks */,
			);
			buildRules = (
			);
			dependencies = (
			);
			name = flix;
			packageProductDependencies = (
				496AD98A27B26CE6005FE48D /* AlamofireImage */,
			);
			productName = flix;
			productReference = 496AD95427B20257005FE48D /* flix.app */;
			productType = "com.apple.product-type.application";
		};
		496AD96927B2025C005FE48D /* flixTests */ = {
			isa = PBXNativeTarget;
			buildConfigurationList = 496AD98127B2025C005FE48D /* Build configuration list for PBXNativeTarget "flixTests" */;
			buildPhases = (
				C8CFF90E6AEC8BB45B9AA4E7 /* [CP] Check Pods Manifest.lock */,
				496AD96627B2025C005FE48D /* Sources */,
				496AD96727B2025C005FE48D /* Frameworks */,
				496AD96827B2025C005FE48D /* Resources */,
			);
			buildRules = (
			);
			dependencies = (
				496AD96C27B2025C005FE48D /* PBXTargetDependency */,
			);
			name = flixTests;
			productName = flixTests;
			productReference = 496AD96A27B2025C005FE48D /* flixTests.xctest */;
			productType = "com.apple.product-type.bundle.unit-test";
		};
		496AD97327B2025C005FE48D /* flixUITests */ = {
			isa = PBXNativeTarget;
			buildConfigurationList = 496AD98427B2025C005FE48D /* Build configuration list for PBXNativeTarget "flixUITests" */;
			buildPhases = (
				FA8F43D8717A2776945202B7 /* [CP] Check Pods Manifest.lock */,
				496AD97027B2025C005FE48D /* Sources */,
				496AD97127B2025C005FE48D /* Frameworks */,
				496AD97227B2025C005FE48D /* Resources */,
				69F3174B0010EA01C913C71E /* [CP] Embed Pods Frameworks */,
			);
			buildRules = (
			);
			dependencies = (
				496AD97627B2025C005FE48D /* PBXTargetDependency */,
			);
			name = flixUITests;
			productName = flixUITests;
			productReference = 496AD97427B2025C005FE48D /* flixUITests.xctest */;
			productType = "com.apple.product-type.bundle.ui-testing";
		};
/* End PBXNativeTarget section */

/* Begin PBXProject section */
		496AD94C27B20257005FE48D /* Project object */ = {
			isa = PBXProject;
			attributes = {
				BuildIndependentTargetsInParallel = 1;
				LastSwiftUpdateCheck = 1330;
				LastUpgradeCheck = 1330;
				TargetAttributes = {
					496AD95327B20257005FE48D = {
						CreatedOnToolsVersion = 13.3;
					};
					496AD96927B2025C005FE48D = {
						CreatedOnToolsVersion = 13.3;
						TestTargetID = 496AD95327B20257005FE48D;
					};
					496AD97327B2025C005FE48D = {
						CreatedOnToolsVersion = 13.3;
						TestTargetID = 496AD95327B20257005FE48D;
					};
				};
			};
			buildConfigurationList = 496AD94F27B20257005FE48D /* Build configuration list for PBXProject "flix" */;
			compatibilityVersion = "Xcode 13.0";
			developmentRegion = en;
			hasScannedForEncodings = 0;
			knownRegions = (
				en,
				Base,
			);
			mainGroup = 496AD94B27B20257005FE48D;
			packageReferences = (
				496AD98927B26CE6005FE48D /* XCRemoteSwiftPackageReference "AlamofireImage" */,
			);
			productRefGroup = 496AD95527B20257005FE48D /* Products */;
			projectDirPath = "";
			projectRoot = "";
			targets = (
				496AD95327B20257005FE48D /* flix */,
				496AD96927B2025C005FE48D /* flixTests */,
				496AD97327B2025C005FE48D /* flixUITests */,
			);
		};
/* End PBXProject section */

/* Begin PBXResourcesBuildPhase section */
		496AD95227B20257005FE48D /* Resources */ = {
			isa = PBXResourcesBuildPhase;
			buildActionMask = 2147483647;
			files = (
				496AD96427B2025B005FE48D /* LaunchScreen.storyboard in Resources */,
				496AD96127B2025B005FE48D /* Assets.xcassets in Resources */,
				496AD95F27B20257005FE48D /* Main.storyboard in Resources */,
			);
			runOnlyForDeploymentPostprocessing = 0;
		};
		496AD96827B2025C005FE48D /* Resources */ = {
			isa = PBXResourcesBuildPhase;
			buildActionMask = 2147483647;
			files = (
			);
			runOnlyForDeploymentPostprocessing = 0;
		};
		496AD97227B2025C005FE48D /* Resources */ = {
			isa = PBXResourcesBuildPhase;
			buildActionMask = 2147483647;
			files = (
			);
			runOnlyForDeploymentPostprocessing = 0;
		};
/* End PBXResourcesBuildPhase section */

/* Begin PBXShellScriptBuildPhase section */
		450227E15F2040C31437DF7A /* [CP] Embed Pods Frameworks */ = {
			isa = PBXShellScriptBuildPhase;
			buildActionMask = 2147483647;
			files = (
			);
			inputFileListPaths = (
				"${PODS_ROOT}/Target Support Files/Pods-flix/Pods-flix-frameworks-${CONFIGURATION}-input-files.xcfilelist",
			);
			name = "[CP] Embed Pods Frameworks";
			outputFileListPaths = (
				"${PODS_ROOT}/Target Support Files/Pods-flix/Pods-flix-frameworks-${CONFIGURATION}-output-files.xcfilelist",
			);
			runOnlyForDeploymentPostprocessing = 0;
			shellPath = /bin/sh;
			shellScript = "\"${PODS_ROOT}/Target Support Files/Pods-flix/Pods-flix-frameworks.sh\"\n";
			showEnvVarsInLog = 0;
		};
		67A22B2EF923D56E158FD33E /* [CP] Check Pods Manifest.lock */ = {
			isa = PBXShellScriptBuildPhase;
			buildActionMask = 2147483647;
			files = (
			);
			inputFileListPaths = (
			);
			inputPaths = (
				"${PODS_PODFILE_DIR_PATH}/Podfile.lock",
				"${PODS_ROOT}/Manifest.lock",
			);
			name = "[CP] Check Pods Manifest.lock";
			outputFileListPaths = (
			);
			outputPaths = (
				"$(DERIVED_FILE_DIR)/Pods-flix-checkManifestLockResult.txt",
			);
			runOnlyForDeploymentPostprocessing = 0;
			shellPath = /bin/sh;
			shellScript = "diff \"${PODS_PODFILE_DIR_PATH}/Podfile.lock\" \"${PODS_ROOT}/Manifest.lock\" > /dev/null\nif [ $? != 0 ] ; then\n    # print error to STDERR\n    echo \"error: The sandbox is not in sync with the Podfile.lock. Run 'pod install' or update your CocoaPods installation.\" >&2\n    exit 1\nfi\n# This output is used by Xcode 'outputs' to avoid re-running this script phase.\necho \"SUCCESS\" > \"${SCRIPT_OUTPUT_FILE_0}\"\n";
			showEnvVarsInLog = 0;
		};
		69F3174B0010EA01C913C71E /* [CP] Embed Pods Frameworks */ = {
			isa = PBXShellScriptBuildPhase;
			buildActionMask = 2147483647;
			files = (
			);
			inputFileListPaths = (
				"${PODS_ROOT}/Target Support Files/Pods-flix-flixUITests/Pods-flix-flixUITests-frameworks-${CONFIGURATION}-input-files.xcfilelist",
			);
			name = "[CP] Embed Pods Frameworks";
			outputFileListPaths = (
				"${PODS_ROOT}/Target Support Files/Pods-flix-flixUITests/Pods-flix-flixUITests-frameworks-${CONFIGURATION}-output-files.xcfilelist",
			);
			runOnlyForDeploymentPostprocessing = 0;
			shellPath = /bin/sh;
			shellScript = "\"${PODS_ROOT}/Target Support Files/Pods-flix-flixUITests/Pods-flix-flixUITests-frameworks.sh\"\n";
			showEnvVarsInLog = 0;
		};
		C8CFF90E6AEC8BB45B9AA4E7 /* [CP] Check Pods Manifest.lock */ = {
			isa = PBXShellScriptBuildPhase;
			buildActionMask = 2147483647;
			files = (
			);
			inputFileListPaths = (
			);
			inputPaths = (
				"${PODS_PODFILE_DIR_PATH}/Podfile.lock",
				"${PODS_ROOT}/Manifest.lock",
			);
			name = "[CP] Check Pods Manifest.lock";
			outputFileListPaths = (
			);
			outputPaths = (
				"$(DERIVED_FILE_DIR)/Pods-flixTests-checkManifestLockResult.txt",
			);
			runOnlyForDeploymentPostprocessing = 0;
			shellPath = /bin/sh;
			shellScript = "diff \"${PODS_PODFILE_DIR_PATH}/Podfile.lock\" \"${PODS_ROOT}/Manifest.lock\" > /dev/null\nif [ $? != 0 ] ; then\n    # print error to STDERR\n    echo \"error: The sandbox is not in sync with the Podfile.lock. Run 'pod install' or update your CocoaPods installation.\" >&2\n    exit 1\nfi\n# This output is used by Xcode 'outputs' to avoid re-running this script phase.\necho \"SUCCESS\" > \"${SCRIPT_OUTPUT_FILE_0}\"\n";
			showEnvVarsInLog = 0;
		};
		FA8F43D8717A2776945202B7 /* [CP] Check Pods Manifest.lock */ = {
			isa = PBXShellScriptBuildPhase;
			buildActionMask = 2147483647;
			files = (
			);
			inputFileListPaths = (
			);
			inputPaths = (
				"${PODS_PODFILE_DIR_PATH}/Podfile.lock",
				"${PODS_ROOT}/Manifest.lock",
			);
			name = "[CP] Check Pods Manifest.lock";
			outputFileListPaths = (
			);
			outputPaths = (
				"$(DERIVED_FILE_DIR)/Pods-flix-flixUITests-checkManifestLockResult.txt",
			);
			runOnlyForDeploymentPostprocessing = 0;
			shellPath = /bin/sh;
			shellScript = "diff \"${PODS_PODFILE_DIR_PATH}/Podfile.lock\" \"${PODS_ROOT}/Manifest.lock\" > /dev/null\nif [ $? != 0 ] ; then\n    # print error to STDERR\n    echo \"error: The sandbox is not in sync with the Podfile.lock. Run 'pod install' or update your CocoaPods installation.\" >&2\n    exit 1\nfi\n# This output is used by Xcode 'outputs' to avoid re-running this script phase.\necho \"SUCCESS\" > \"${SCRIPT_OUTPUT_FILE_0}\"\n";
			showEnvVarsInLog = 0;
		};
/* End PBXShellScriptBuildPhase section */

/* Begin PBXSourcesBuildPhase section */
		496AD95027B20257005FE48D /* Sources */ = {
			isa = PBXSourcesBuildPhase;
			buildActionMask = 2147483647;
			files = (
				49F7E51327C0893600461E44 /* MovieDetailsViewController.swift in Sources */,
				496AD95C27B20257005FE48D /* ViewController.swift in Sources */,
				496AD95827B20257005FE48D /* AppDelegate.swift in Sources */,
				496AD98827B263EA005FE48D /* MovieCellTableViewCell.swift in Sources */,
				496AD95A27B20257005FE48D /* SceneDelegate.swift in Sources */,
				496AD98E27C0CE80005FE48D /* MovieGridViewController.swift in Sources */,
				496AD99227C0D345005FE48D /* MovieGridCell.swift in Sources */,
			);
			runOnlyForDeploymentPostprocessing = 0;
		};
		496AD96627B2025C005FE48D /* Sources */ = {
			isa = PBXSourcesBuildPhase;
			buildActionMask = 2147483647;
			files = (
				496AD96F27B2025C005FE48D /* flixTests.swift in Sources */,
			);
			runOnlyForDeploymentPostprocessing = 0;
		};
		496AD97027B2025C005FE48D /* Sources */ = {
			isa = PBXSourcesBuildPhase;
			buildActionMask = 2147483647;
			files = (
				496AD97927B2025C005FE48D /* flixUITests.swift in Sources */,
				496AD97B27B2025C005FE48D /* flixUITestsLaunchTests.swift in Sources */,
			);
			runOnlyForDeploymentPostprocessing = 0;
		};
/* End PBXSourcesBuildPhase section */

/* Begin PBXTargetDependency section */
		496AD96C27B2025C005FE48D /* PBXTargetDependency */ = {
			isa = PBXTargetDependency;
			target = 496AD95327B20257005FE48D /* flix */;
			targetProxy = 496AD96B27B2025C005FE48D /* PBXContainerItemProxy */;
		};
		496AD97627B2025C005FE48D /* PBXTargetDependency */ = {
			isa = PBXTargetDependency;
			target = 496AD95327B20257005FE48D /* flix */;
			targetProxy = 496AD97527B2025C005FE48D /* PBXContainerItemProxy */;
		};
/* End PBXTargetDependency section */

/* Begin PBXVariantGroup section */
		496AD95D27B20257005FE48D /* Main.storyboard */ = {
			isa = PBXVariantGroup;
			children = (
				496AD95E27B20257005FE48D /* Base */,
			);
			name = Main.storyboard;
			sourceTree = "<group>";
		};
		496AD96227B2025B005FE48D /* LaunchScreen.storyboard */ = {
			isa = PBXVariantGroup;
			children = (
				496AD96327B2025B005FE48D /* Base */,
			);
			name = LaunchScreen.storyboard;
			sourceTree = "<group>";
		};
/* End PBXVariantGroup section */

/* Begin XCBuildConfiguration section */
		496AD97C27B2025C005FE48D /* Debug */ = {
			isa = XCBuildConfiguration;
			buildSettings = {
				ALWAYS_SEARCH_USER_PATHS = NO;
				CLANG_ANALYZER_NONNULL = YES;
				CLANG_ANALYZER_NUMBER_OBJECT_CONVERSION = YES_AGGRESSIVE;
				CLANG_CXX_LANGUAGE_STANDARD = "gnu++17";
				CLANG_ENABLE_MODULES = YES;
				CLANG_ENABLE_OBJC_ARC = YES;
				CLANG_ENABLE_OBJC_WEAK = YES;
				CLANG_WARN_BLOCK_CAPTURE_AUTORELEASING = YES;
				CLANG_WARN_BOOL_CONVERSION = YES;
				CLANG_WARN_COMMA = YES;
				CLANG_WARN_CONSTANT_CONVERSION = YES;
				CLANG_WARN_DEPRECATED_OBJC_IMPLEMENTATIONS = YES;
				CLANG_WARN_DIRECT_OBJC_ISA_USAGE = YES_ERROR;
				CLANG_WARN_DOCUMENTATION_COMMENTS = YES;
				CLANG_WARN_EMPTY_BODY = YES;
				CLANG_WARN_ENUM_CONVERSION = YES;
				CLANG_WARN_INFINITE_RECURSION = YES;
				CLANG_WARN_INT_CONVERSION = YES;
				CLANG_WARN_NON_LITERAL_NULL_CONVERSION = YES;
				CLANG_WARN_OBJC_IMPLICIT_RETAIN_SELF = YES;
				CLANG_WARN_OBJC_LITERAL_CONVERSION = YES;
				CLANG_WARN_OBJC_ROOT_CLASS = YES_ERROR;
				CLANG_WARN_QUOTED_INCLUDE_IN_FRAMEWORK_HEADER = YES;
				CLANG_WARN_RANGE_LOOP_ANALYSIS = YES;
				CLANG_WARN_STRICT_PROTOTYPES = YES;
				CLANG_WARN_SUSPICIOUS_MOVE = YES;
				CLANG_WARN_UNGUARDED_AVAILABILITY = YES_AGGRESSIVE;
				CLANG_WARN_UNREACHABLE_CODE = YES;
				CLANG_WARN__DUPLICATE_METHOD_MATCH = YES;
				COPY_PHASE_STRIP = NO;
				DEBUG_INFORMATION_FORMAT = dwarf;
				ENABLE_STRICT_OBJC_MSGSEND = YES;
				ENABLE_TESTABILITY = YES;
				GCC_C_LANGUAGE_STANDARD = gnu11;
				GCC_DYNAMIC_NO_PIC = NO;
				GCC_NO_COMMON_BLOCKS = YES;
				GCC_OPTIMIZATION_LEVEL = 0;
				GCC_PREPROCESSOR_DEFINITIONS = (
					"DEBUG=1",
					"$(inherited)",
				);
				GCC_WARN_64_TO_32_BIT_CONVERSION = YES;
				GCC_WARN_ABOUT_RETURN_TYPE = YES_ERROR;
				GCC_WARN_UNDECLARED_SELECTOR = YES;
				GCC_WARN_UNINITIALIZED_AUTOS = YES_AGGRESSIVE;
				GCC_WARN_UNUSED_FUNCTION = YES;
				GCC_WARN_UNUSED_VARIABLE = YES;
				IPHONEOS_DEPLOYMENT_TARGET = 15.4;
				MTL_ENABLE_DEBUG_INFO = INCLUDE_SOURCE;
				MTL_FAST_MATH = YES;
				ONLY_ACTIVE_ARCH = YES;
				SDKROOT = iphoneos;
				SWIFT_ACTIVE_COMPILATION_CONDITIONS = DEBUG;
				SWIFT_OPTIMIZATION_LEVEL = "-Onone";
			};
			name = Debug;
		};
		496AD97D27B2025C005FE48D /* Release */ = {
			isa = XCBuildConfiguration;
			buildSettings = {
				ALWAYS_SEARCH_USER_PATHS = NO;
				CLANG_ANALYZER_NONNULL = YES;
				CLANG_ANALYZER_NUMBER_OBJECT_CONVERSION = YES_AGGRESSIVE;
				CLANG_CXX_LANGUAGE_STANDARD = "gnu++17";
				CLANG_ENABLE_MODULES = YES;
				CLANG_ENABLE_OBJC_ARC = YES;
				CLANG_ENABLE_OBJC_WEAK = YES;
				CLANG_WARN_BLOCK_CAPTURE_AUTORELEASING = YES;
				CLANG_WARN_BOOL_CONVERSION = YES;
				CLANG_WARN_COMMA = YES;
				CLANG_WARN_CONSTANT_CONVERSION = YES;
				CLANG_WARN_DEPRECATED_OBJC_IMPLEMENTATIONS = YES;
				CLANG_WARN_DIRECT_OBJC_ISA_USAGE = YES_ERROR;
				CLANG_WARN_DOCUMENTATION_COMMENTS = YES;
				CLANG_WARN_EMPTY_BODY = YES;
				CLANG_WARN_ENUM_CONVERSION = YES;
				CLANG_WARN_INFINITE_RECURSION = YES;
				CLANG_WARN_INT_CONVERSION = YES;
				CLANG_WARN_NON_LITERAL_NULL_CONVERSION = YES;
				CLANG_WARN_OBJC_IMPLICIT_RETAIN_SELF = YES;
				CLANG_WARN_OBJC_LITERAL_CONVERSION = YES;
				CLANG_WARN_OBJC_ROOT_CLASS = YES_ERROR;
				CLANG_WARN_QUOTED_INCLUDE_IN_FRAMEWORK_HEADER = YES;
				CLANG_WARN_RANGE_LOOP_ANALYSIS = YES;
				CLANG_WARN_STRICT_PROTOTYPES = YES;
				CLANG_WARN_SUSPICIOUS_MOVE = YES;
				CLANG_WARN_UNGUARDED_AVAILABILITY = YES_AGGRESSIVE;
				CLANG_WARN_UNREACHABLE_CODE = YES;
				CLANG_WARN__DUPLICATE_METHOD_MATCH = YES;
				COPY_PHASE_STRIP = NO;
				DEBUG_INFORMATION_FORMAT = "dwarf-with-dsym";
				ENABLE_NS_ASSERTIONS = NO;
				ENABLE_STRICT_OBJC_MSGSEND = YES;
				GCC_C_LANGUAGE_STANDARD = gnu11;
				GCC_NO_COMMON_BLOCKS = YES;
				GCC_WARN_64_TO_32_BIT_CONVERSION = YES;
				GCC_WARN_ABOUT_RETURN_TYPE = YES_ERROR;
				GCC_WARN_UNDECLARED_SELECTOR = YES;
				GCC_WARN_UNINITIALIZED_AUTOS = YES_AGGRESSIVE;
				GCC_WARN_UNUSED_FUNCTION = YES;
				GCC_WARN_UNUSED_VARIABLE = YES;
				IPHONEOS_DEPLOYMENT_TARGET = 15.4;
				MTL_ENABLE_DEBUG_INFO = NO;
				MTL_FAST_MATH = YES;
				SDKROOT = iphoneos;
				SWIFT_COMPILATION_MODE = wholemodule;
				SWIFT_OPTIMIZATION_LEVEL = "-O";
				VALIDATE_PRODUCT = YES;
			};
			name = Release;
		};
		496AD97F27B2025C005FE48D /* Debug */ = {
			isa = XCBuildConfiguration;
			baseConfigurationReference = CE6FE3E87E1A214353EAF4FC /* Pods-flix.debug.xcconfig */;
			buildSettings = {
				ASSETCATALOG_COMPILER_APPICON_NAME = AppIcon;
				ASSETCATALOG_COMPILER_GLOBAL_ACCENT_COLOR_NAME = AccentColor;
				CODE_SIGN_STYLE = Automatic;
				CURRENT_PROJECT_VERSION = 1;
				DEVELOPMENT_TEAM = L33J4YU2V8;
				GENERATE_INFOPLIST_FILE = YES;
				INFOPLIST_FILE = flix/Info.plist;
				INFOPLIST_KEY_UIApplicationSupportsIndirectInputEvents = YES;
				INFOPLIST_KEY_UILaunchStoryboardName = LaunchScreen;
				INFOPLIST_KEY_UIMainStoryboardFile = Main;
				INFOPLIST_KEY_UISupportedInterfaceOrientations_iPad = "UIInterfaceOrientationPortrait UIInterfaceOrientationPortraitUpsideDown UIInterfaceOrientationLandscapeLeft UIInterfaceOrientationLandscapeRight";
				INFOPLIST_KEY_UISupportedInterfaceOrientations_iPhone = "UIInterfaceOrientationPortrait UIInterfaceOrientationLandscapeLeft UIInterfaceOrientationLandscapeRight";
				LD_RUNPATH_SEARCH_PATHS = (
					"$(inherited)",
					"@executable_path/Frameworks",
				);
				MARKETING_VERSION = 1.0;
				PRODUCT_BUNDLE_IDENTIFIER = com.brvoluis.flix;
				PRODUCT_NAME = "$(TARGET_NAME)";
				SWIFT_EMIT_LOC_STRINGS = YES;
				SWIFT_VERSION = 5.0;
				TARGETED_DEVICE_FAMILY = "1,2";
			};
			name = Debug;
		};
		496AD98027B2025C005FE48D /* Release */ = {
			isa = XCBuildConfiguration;
			baseConfigurationReference = 7EFB5548DAAD80EBA9B9EC46 /* Pods-flix.release.xcconfig */;
			buildSettings = {
				ASSETCATALOG_COMPILER_APPICON_NAME = AppIcon;
				ASSETCATALOG_COMPILER_GLOBAL_ACCENT_COLOR_NAME = AccentColor;
				CODE_SIGN_STYLE = Automatic;
				CURRENT_PROJECT_VERSION = 1;
				DEVELOPMENT_TEAM = L33J4YU2V8;
				GENERATE_INFOPLIST_FILE = YES;
				INFOPLIST_FILE = flix/Info.plist;
				INFOPLIST_KEY_UIApplicationSupportsIndirectInputEvents = YES;
				INFOPLIST_KEY_UILaunchStoryboardName = LaunchScreen;
				INFOPLIST_KEY_UIMainStoryboardFile = Main;
				INFOPLIST_KEY_UISupportedInterfaceOrientations_iPad = "UIInterfaceOrientationPortrait UIInterfaceOrientationPortraitUpsideDown UIInterfaceOrientationLandscapeLeft UIInterfaceOrientationLandscapeRight";
				INFOPLIST_KEY_UISupportedInterfaceOrientations_iPhone = "UIInterfaceOrientationPortrait UIInterfaceOrientationLandscapeLeft UIInterfaceOrientationLandscapeRight";
				LD_RUNPATH_SEARCH_PATHS = (
					"$(inherited)",
					"@executable_path/Frameworks",
				);
				MARKETING_VERSION = 1.0;
				PRODUCT_BUNDLE_IDENTIFIER = com.brvoluis.flix;
				PRODUCT_NAME = "$(TARGET_NAME)";
				SWIFT_EMIT_LOC_STRINGS = YES;
				SWIFT_VERSION = 5.0;
				TARGETED_DEVICE_FAMILY = "1,2";
			};
			name = Release;
		};
		496AD98227B2025C005FE48D /* Debug */ = {
			isa = XCBuildConfiguration;
			baseConfigurationReference = D5BF6EEECAE5AB255ADE0EDB /* Pods-flixTests.debug.xcconfig */;
			buildSettings = {
				ALWAYS_EMBED_SWIFT_STANDARD_LIBRARIES = YES;
				BUNDLE_LOADER = "$(TEST_HOST)";
				CODE_SIGN_STYLE = Automatic;
				CURRENT_PROJECT_VERSION = 1;
				DEVELOPMENT_TEAM = L33J4YU2V8;
				GENERATE_INFOPLIST_FILE = YES;
				IPHONEOS_DEPLOYMENT_TARGET = 15.4;
				MARKETING_VERSION = 1.0;
				PRODUCT_BUNDLE_IDENTIFIER = com.brvoluis.flixTests;
				PRODUCT_NAME = "$(TARGET_NAME)";
				SWIFT_EMIT_LOC_STRINGS = NO;
				SWIFT_VERSION = 5.0;
				TARGETED_DEVICE_FAMILY = "1,2";
				TEST_HOST = "$(BUILT_PRODUCTS_DIR)/flix.app/flix";
			};
			name = Debug;
		};
		496AD98327B2025C005FE48D /* Release */ = {
			isa = XCBuildConfiguration;
			baseConfigurationReference = 3BB5EC1C9026EFFB70AE6832 /* Pods-flixTests.release.xcconfig */;
			buildSettings = {
				ALWAYS_EMBED_SWIFT_STANDARD_LIBRARIES = YES;
				BUNDLE_LOADER = "$(TEST_HOST)";
				CODE_SIGN_STYLE = Automatic;
				CURRENT_PROJECT_VERSION = 1;
				DEVELOPMENT_TEAM = L33J4YU2V8;
				GENERATE_INFOPLIST_FILE = YES;
				IPHONEOS_DEPLOYMENT_TARGET = 15.4;
				MARKETING_VERSION = 1.0;
				PRODUCT_BUNDLE_IDENTIFIER = com.brvoluis.flixTests;
				PRODUCT_NAME = "$(TARGET_NAME)";
				SWIFT_EMIT_LOC_STRINGS = NO;
				SWIFT_VERSION = 5.0;
				TARGETED_DEVICE_FAMILY = "1,2";
				TEST_HOST = "$(BUILT_PRODUCTS_DIR)/flix.app/flix";
			};
			name = Release;
		};
		496AD98527B2025C005FE48D /* Debug */ = {
			isa = XCBuildConfiguration;
			baseConfigurationReference = 778EC5AF104D01041157C495 /* Pods-flix-flixUITests.debug.xcconfig */;
			buildSettings = {
				ALWAYS_EMBED_SWIFT_STANDARD_LIBRARIES = YES;
				CODE_SIGN_STYLE = Automatic;
				CURRENT_PROJECT_VERSION = 1;
				DEVELOPMENT_TEAM = L33J4YU2V8;
				GENERATE_INFOPLIST_FILE = YES;
				MARKETING_VERSION = 1.0;
				PRODUCT_BUNDLE_IDENTIFIER = com.brvoluis.flixUITests;
				PRODUCT_NAME = "$(TARGET_NAME)";
				SWIFT_EMIT_LOC_STRINGS = NO;
				SWIFT_VERSION = 5.0;
				TARGETED_DEVICE_FAMILY = "1,2";
				TEST_TARGET_NAME = flix;
			};
			name = Debug;
		};
		496AD98627B2025C005FE48D /* Release */ = {
			isa = XCBuildConfiguration;
			baseConfigurationReference = F54FDD8A6429C3F8E37533A5 /* Pods-flix-flixUITests.release.xcconfig */;
			buildSettings = {
				ALWAYS_EMBED_SWIFT_STANDARD_LIBRARIES = YES;
				CODE_SIGN_STYLE = Automatic;
				CURRENT_PROJECT_VERSION = 1;
				DEVELOPMENT_TEAM = L33J4YU2V8;
				GENERATE_INFOPLIST_FILE = YES;
				MARKETING_VERSION = 1.0;
				PRODUCT_BUNDLE_IDENTIFIER = com.brvoluis.flixUITests;
				PRODUCT_NAME = "$(TARGET_NAME)";
				SWIFT_EMIT_LOC_STRINGS = NO;
				SWIFT_VERSION = 5.0;
				TARGETED_DEVICE_FAMILY = "1,2";
				TEST_TARGET_NAME = flix;
			};
			name = Release;
		};
/* End XCBuildConfiguration section */

/* Begin XCConfigurationList section */
		496AD94F27B20257005FE48D /* Build configuration list for PBXProject "flix" */ = {
			isa = XCConfigurationList;
			buildConfigurations = (
				496AD97C27B2025C005FE48D /* Debug */,
				496AD97D27B2025C005FE48D /* Release */,
			);
			defaultConfigurationIsVisible = 0;
			defaultConfigurationName = Release;
		};
		496AD97E27B2025C005FE48D /* Build configuration list for PBXNativeTarget "flix" */ = {
			isa = XCConfigurationList;
			buildConfigurations = (
				496AD97F27B2025C005FE48D /* Debug */,
				496AD98027B2025C005FE48D /* Release */,
			);
			defaultConfigurationIsVisible = 0;
			defaultConfigurationName = Release;
		};
		496AD98127B2025C005FE48D /* Build configuration list for PBXNativeTarget "flixTests" */ = {
			isa = XCConfigurationList;
			buildConfigurations = (
				496AD98227B2025C005FE48D /* Debug */,
				496AD98327B2025C005FE48D /* Release */,
			);
			defaultConfigurationIsVisible = 0;
			defaultConfigurationName = Release;
		};
		496AD98427B2025C005FE48D /* Build configuration list for PBXNativeTarget "flixUITests" */ = {
			isa = XCConfigurationList;
			buildConfigurations = (
				496AD98527B2025C005FE48D /* Debug */,
				496AD98627B2025C005FE48D /* Release */,
			);
			defaultConfigurationIsVisible = 0;
			defaultConfigurationName = Release;
		};
/* End XCConfigurationList section */

/* Begin XCRemoteSwiftPackageReference section */
		496AD98927B26CE6005FE48D /* XCRemoteSwiftPackageReference "AlamofireImage" */ = {
			isa = XCRemoteSwiftPackageReference;
			repositoryURL = "https://github.com/Alamofire/AlamofireImage";
			requirement = {
				kind = upToNextMajorVersion;
				minimumVersion = 4.0.0;
			};
		};
/* End XCRemoteSwiftPackageReference section */

/* Begin XCSwiftPackageProductDependency section */
		496AD98A27B26CE6005FE48D /* AlamofireImage */ = {
			isa = XCSwiftPackageProductDependency;
			package = 496AD98927B26CE6005FE48D /* XCRemoteSwiftPackageReference "AlamofireImage" */;
			productName = AlamofireImage;
		};
/* End XCSwiftPackageProductDependency section */
	};
	rootObject = 496AD94C27B20257005FE48D /* Project object */;
}
